<?xml version="1.0" encoding="utf-8"?>
<Project ToolsVersion="4.0" xmlns="http://schemas.microsoft.com/developer/msbuild/2003">
  <ItemGroup>
    <Filter Include="Source Files">
      <UniqueIdentifier>{4FC737F1-C7A5-4376-A066-2A32D752A2FF}</UniqueIdentifier>
      <Extensions>cpp;cxx;c;def</Extensions>
    </Filter>
    <Filter Include="Header Files">
      <UniqueIdentifier>{93995380-89BD-4b04-88EB-625FBE52EBFB}</UniqueIdentifier>
      <Extensions>h</Extensions>
    </Filter>
    <Filter Include="Form Files">
      <UniqueIdentifier>{99349809-55BA-4b9d-BF79-8FDBB0286EB3}</UniqueIdentifier>
      <Extensions>ui</Extensions>
    </Filter>
    <Filter Include="Generated Files">
      <UniqueIdentifier>{71ED8ED8-ACB9-4CE9-BBE1-E00B30144E11}</UniqueIdentifier>
      <Extensions>moc;h;cpp</Extensions>
      <SourceControlFiles>False</SourceControlFiles>
    </Filter>
    <Filter Include="Generated Files\Debug">
      <UniqueIdentifier>{460c6e0d-d4a1-4e74-afaf-ae5d4c5b99c8}</UniqueIdentifier>
      <Extensions>cpp;moc</Extensions>
      <SourceControlFiles>False</SourceControlFiles>
    </Filter>
    <Filter Include="Generated Files\Release">
      <UniqueIdentifier>{fbe9e4c1-c33a-4409-9ac5-b5bd2a511e20}</UniqueIdentifier>
      <Extensions>cpp;moc</Extensions>
      <SourceControlFiles>False</SourceControlFiles>
    </Filter>
    <Filter Include="Header Files\models">
      <UniqueIdentifier>{d7a6a708-2527-420a-9b8b-d62aa9fa8ff3}</UniqueIdentifier>
    </Filter>
    <Filter Include="Source Files\models">
      <UniqueIdentifier>{b9b2d9d8-7c60-422e-bda6-a8faf104eb17}</UniqueIdentifier>
    </Filter>
    <Filter Include="Header Files\actions">
      <UniqueIdentifier>{c7d4860b-eb04-401b-92e7-9ab76a1be997}</UniqueIdentifier>
    </Filter>
    <Filter Include="Source Files\actions">
      <UniqueIdentifier>{49d280be-0978-41f6-92af-04d06cf66ee2}</UniqueIdentifier>
    </Filter>
    <Filter Include="Header Files\dialogs">
      <UniqueIdentifier>{e5dc35c9-0067-48fa-939b-f1397cd32594}</UniqueIdentifier>
    </Filter>
    <Filter Include="Source Files\dialogs">
      <UniqueIdentifier>{e9e6a5b4-8e30-4e5b-ac62-6fe3b35c517a}</UniqueIdentifier>
    </Filter>
    <Filter Include="Header Files\views">
      <UniqueIdentifier>{4736bb16-7deb-4120-9120-7b65c1ffc460}</UniqueIdentifier>
    </Filter>
    <Filter Include="Source Files\views">
      <UniqueIdentifier>{6dd246e0-cc95-4853-a9d2-f6e0c635e04d}</UniqueIdentifier>
    </Filter>
    <Filter Include="Resource Files">
      <UniqueIdentifier>{D9D6E242-F8AF-46E4-B9FD-80ECBC20BA3E}</UniqueIdentifier>
      <Extensions>qrc;*</Extensions>
      <ParseFiles>false</ParseFiles>
    </Filter>
    <Filter Include="Header Files\helpers">
      <UniqueIdentifier>{fcc86a5f-b15f-45c7-a822-0ab52c0bf230}</UniqueIdentifier>
    </Filter>
    <Filter Include="Source Files\helpers">
      <UniqueIdentifier>{30c2c01e-620d-49be-84d8-42a8d24ceb41}</UniqueIdentifier>
    </Filter>
    <Filter Include="Header Files\view_modes">
      <UniqueIdentifier>{a3b4d0ef-48cb-4a75-ae1b-43498fa73f9c}</UniqueIdentifier>
    </Filter>
    <Filter Include="Source Files\view_modes">
      <UniqueIdentifier>{1e094771-8b6c-46ab-8bdc-b097935442a8}</UniqueIdentifier>
    </Filter>
    <Filter Include="Header Files\processors">
      <UniqueIdentifier>{294a8a7a-b83a-4fdc-a407-8f73ff38aa7d}</UniqueIdentifier>
    </Filter>
    <Filter Include="Source Files\processors">
      <UniqueIdentifier>{dc8dd03d-499a-408b-94a4-dc1ddfc409d3}</UniqueIdentifier>
    </Filter>
    <Filter Include="Header Files\trainers">
      <UniqueIdentifier>{b411a142-f81d-418b-b8a4-cbd93496fac0}</UniqueIdentifier>
    </Filter>
    <Filter Include="Source Files\trainers">
      <UniqueIdentifier>{cda98574-e1ed-4854-b5fd-05dd4bcf7ebc}</UniqueIdentifier>
    </Filter>
    <Filter Include="Header Files\slider_areas">
      <UniqueIdentifier>{63a804d7-37b5-48ee-9031-a316127dad8d}</UniqueIdentifier>
    </Filter>
    <Filter Include="Source Files\slider_areas">
      <UniqueIdentifier>{f4d49074-08c3-4daa-b9ef-cd30c86e45aa}</UniqueIdentifier>
    </Filter>
    <Filter Include="Source Files\data">
      <UniqueIdentifier>{2162b8e8-139e-4a1b-b22a-8df4776013f4}</UniqueIdentifier>
    </Filter>
    <Filter Include="Header Files\data">
      <UniqueIdentifier>{2e7e1f7e-d490-4524-a5de-9724b8a000a0}</UniqueIdentifier>
    </Filter>
    <Filter Include="Header Files\main">
      <UniqueIdentifier>{b095d37d-8221-42ad-9fcd-570ca6888651}</UniqueIdentifier>
    </Filter>
    <Filter Include="Source Files\main">
      <UniqueIdentifier>{7b559c31-b766-4d0c-b958-38dca4a74856}</UniqueIdentifier>
    </Filter>
  </ItemGroup>
  <ItemGroup>
    <ClCompile Include="GeneratedFiles\Debug\moc_MainWindow.cpp">
      <Filter>Generated Files\Debug</Filter>
    </ClCompile>
    <ClCompile Include="GeneratedFiles\Release\moc_MainWindow.cpp">
      <Filter>Generated Files\Release</Filter>
    </ClCompile>
    <ClCompile Include="Patient.cpp">
      <Filter>Source Files\models</Filter>
    </ClCompile>
    <ClCompile Include="DataImage.cpp">
      <Filter>Source Files\models</Filter>
    </ClCompile>
    <ClCompile Include="Folder.cpp">
      <Filter>Source Files\models</Filter>
    </ClCompile>
    <ClCompile Include="GeneratedFiles\Debug\moc_HomeView.cpp">
      <Filter>Generated Files\Debug</Filter>
    </ClCompile>
    <ClCompile Include="GeneratedFiles\Release\moc_HomeView.cpp">
      <Filter>Generated Files\Release</Filter>
    </ClCompile>
    <ClCompile Include="GeneratedFiles\Debug\moc_View.cpp">
      <Filter>Generated Files\Debug</Filter>
    </ClCompile>
    <ClCompile Include="GeneratedFiles\Release\moc_View.cpp">
      <Filter>Generated Files\Release</Filter>
    </ClCompile>
    <ClCompile Include="Action.cpp">
      <Filter>Source Files\actions</Filter>
    </ClCompile>
    <ClCompile Include="NewPatientAction.cpp">
      <Filter>Source Files\actions</Filter>
    </ClCompile>
    <ClCompile Include="GeneratedFiles\Debug\moc_Dialog.cpp">
      <Filter>Generated Files\Debug</Filter>
    </ClCompile>
    <ClCompile Include="GeneratedFiles\Release\moc_Dialog.cpp">
      <Filter>Generated Files\Release</Filter>
    </ClCompile>
    <ClCompile Include="Dialog.cpp">
      <Filter>Source Files\dialogs</Filter>
    </ClCompile>
    <ClCompile Include="View.cpp">
      <Filter>Source Files\views</Filter>
    </ClCompile>
    <ClCompile Include="HomeView.cpp">
      <Filter>Source Files\views</Filter>
    </ClCompile>
    <ClCompile Include="GeneratedFiles\Debug\moc_NewPatientDialog.cpp">
      <Filter>Generated Files\Debug</Filter>
    </ClCompile>
    <ClCompile Include="NewPatientDialog.cpp">
      <Filter>Source Files\dialogs</Filter>
    </ClCompile>
    <ClCompile Include="GeneratedFiles\Release\moc_NewPatientDialog.cpp">
      <Filter>Generated Files\Release</Filter>
    </ClCompile>
    <ClCompile Include="StringHelper.cpp">
      <Filter>Source Files\helpers</Filter>
    </ClCompile>
    <ClCompile Include="FileHelper.cpp">
      <Filter>Source Files\helpers</Filter>
    </ClCompile>
    <ClCompile Include="Model.cpp">
      <Filter>Source Files\models</Filter>
    </ClCompile>
    <ClCompile Include="OpenPatientDialog.cpp">
      <Filter>Source Files\dialogs</Filter>
    </ClCompile>
    <ClCompile Include="GeneratedFiles\Debug\moc_OpenPatientDialog.cpp">
      <Filter>Generated Files\Debug</Filter>
    </ClCompile>
    <ClCompile Include="GeneratedFiles\Release\moc_OpenPatientDialog.cpp">
      <Filter>Generated Files\Release</Filter>
    </ClCompile>
    <ClCompile Include="OpenPatientAction.cpp">
      <Filter>Source Files\actions</Filter>
    </ClCompile>
    <ClCompile Include="DialogHelper.cpp">
      <Filter>Source Files\helpers</Filter>
    </ClCompile>
    <ClCompile Include="OpenFolderAction.cpp">
      <Filter>Source Files\actions</Filter>
    </ClCompile>
    <ClCompile Include="OpenImageAction.cpp">
      <Filter>Source Files\actions</Filter>
    </ClCompile>
    <ClCompile Include="PatientView.cpp">
      <Filter>Source Files\views</Filter>
    </ClCompile>
    <ClCompile Include="GeneratedFiles\Debug\moc_PatientView.cpp">
      <Filter>Generated Files\Debug</Filter>
    </ClCompile>
    <ClCompile Include="GeneratedFiles\Release\moc_PatientView.cpp">
      <Filter>Generated Files\Release</Filter>
    </ClCompile>
    <ClCompile Include="NewFolderDialog.cpp">
      <Filter>Source Files\dialogs</Filter>
    </ClCompile>
    <ClCompile Include="GeneratedFiles\Debug\moc_NewFolderDialog.cpp">
      <Filter>Generated Files\Debug</Filter>
    </ClCompile>
    <ClCompile Include="GeneratedFiles\Release\moc_NewFolderDialog.cpp">
      <Filter>Generated Files\Release</Filter>
    </ClCompile>
    <ClCompile Include="NewFolderAction.cpp">
      <Filter>Source Files\actions</Filter>
    </ClCompile>
    <ClCompile Include="FolderView.cpp">
      <Filter>Source Files\views</Filter>
    </ClCompile>
    <ClCompile Include="GeneratedFiles\Debug\moc_FolderView.cpp">
      <Filter>Generated Files\Debug</Filter>
    </ClCompile>
    <ClCompile Include="GeneratedFiles\Release\moc_FolderView.cpp">
      <Filter>Generated Files\Release</Filter>
    </ClCompile>
    <ClCompile Include="UploadImageDialog.cpp">
      <Filter>Source Files\dialogs</Filter>
    </ClCompile>
    <ClCompile Include="GeneratedFiles\Debug\moc_UploadImageDialog.cpp">
      <Filter>Generated Files\Debug</Filter>
    </ClCompile>
    <ClCompile Include="GeneratedFiles\Release\moc_UploadImageDialog.cpp">
      <Filter>Generated Files\Release</Filter>
    </ClCompile>
    <ClCompile Include="UploadImageAction.cpp">
      <Filter>Source Files\actions</Filter>
    </ClCompile>
    <ClCompile Include="ImageHelper.cpp">
      <Filter>Source Files\helpers</Filter>
    </ClCompile>
    <ClCompile Include="ImageView.cpp">
      <Filter>Source Files\views</Filter>
    </ClCompile>
    <ClCompile Include="GeneratedFiles\Debug\moc_ImageView.cpp">
      <Filter>Generated Files\Debug</Filter>
    </ClCompile>
    <ClCompile Include="GeneratedFiles\Release\moc_ImageView.cpp">
      <Filter>Generated Files\Release</Filter>
    </ClCompile>
    <ClCompile Include="DeleteModelAction.cpp">
      <Filter>Source Files\actions</Filter>
    </ClCompile>
    <ClCompile Include="ImagePanel.cpp">
      <Filter>Source Files\views</Filter>
    </ClCompile>
    <ClCompile Include="GeneratedFiles\Debug\moc_ImagePanel.cpp">
      <Filter>Generated Files\Debug</Filter>
    </ClCompile>
    <ClCompile Include="GeneratedFiles\Release\moc_ImagePanel.cpp">
      <Filter>Generated Files\Release</Filter>
    </ClCompile>
    <ClCompile Include="Mode.cpp">
      <Filter>Source Files\view_modes</Filter>
    </ClCompile>
    <ClCompile Include="OriginalMode.cpp">
      <Filter>Source Files\view_modes</Filter>
    </ClCompile>
    <ClCompile Include="EditableMode.cpp">
      <Filter>Source Files\view_modes</Filter>
    </ClCompile>
    <ClCompile Include="ProcessedMode.cpp">
      <Filter>Source Files\view_modes</Filter>
    </ClCompile>
    <ClCompile Include="Data.cpp">
      <Filter>Source Files\data</Filter>
    </ClCompile>
    <ClCompile Include="FatData.cpp">
      <Filter>Source Files\data</Filter>
    </ClCompile>
    <ClCompile Include="FibrosisData.cpp">
      <Filter>Source Files\data</Filter>
    </ClCompile>
    <ClCompile Include="DataOption.cpp">
      <Filter>Source Files\data</Filter>
    </ClCompile>
    <ClCompile Include="FatOption.cpp">
      <Filter>Source Files\data</Filter>
    </ClCompile>
    <ClCompile Include="FibrosisOption.cpp">
      <Filter>Source Files\data</Filter>
    </ClCompile>
    <ClCompile Include="Processor.cpp">
      <Filter>Source Files\processors</Filter>
    </ClCompile>
    <ClCompile Include="FatProcessor.cpp">
      <Filter>Source Files\processors</Filter>
    </ClCompile>
    <ClCompile Include="FibrosisProcessor.cpp">
      <Filter>Source Files\processors</Filter>
    </ClCompile>
    <ClCompile Include="ProcessImageAction.cpp">
      <Filter>Source Files\actions</Filter>
    </ClCompile>
    <ClCompile Include="Blob.cpp">
      <Filter>Source Files\data</Filter>
    </ClCompile>
    <ClCompile Include="FatTrainer.cpp">
      <Filter>Source Files\trainers</Filter>
    </ClCompile>
    <ClCompile Include="FeatureExtractor.cpp">
      <Filter>Source Files\processors</Filter>
    </ClCompile>
    <ClCompile Include="GeneratedFiles\Debug\moc_SliderArea.cpp">
      <Filter>Generated Files\Debug</Filter>
    </ClCompile>
    <ClCompile Include="SliderArea.cpp">
      <Filter>Source Files\slider_areas</Filter>
    </ClCompile>
    <ClCompile Include="FatSliderArea.cpp">
      <Filter>Source Files\slider_areas</Filter>
    </ClCompile>
    <ClCompile Include="FibrosisSliderArea.cpp">
      <Filter>Source Files\slider_areas</Filter>
    </ClCompile>
    <ClCompile Include="GeneratedFiles\Release\moc_SliderArea.cpp">
      <Filter>Generated Files\Release</Filter>
    </ClCompile>
    <ClCompile Include="FatImage.cpp">
      <Filter>Source Files\models</Filter>
    </ClCompile>
    <ClCompile Include="SaveImageAction.cpp">
      <Filter>Source Files\actions</Filter>
    </ClCompile>
    <ClCompile Include="MathHelper.cpp">
      <Filter>Source Files\helpers</Filter>
    </ClCompile>
    <ClCompile Include="FibrosisImage.cpp">
      <Filter>Source Files\models</Filter>
    </ClCompile>
    <ClCompile Include="ClickImageAction.cpp">
      <Filter>Source Files\actions</Filter>
    </ClCompile>
    <ClCompile Include="main.cpp">
      <Filter>Source Files\main</Filter>
    </ClCompile>
    <ClCompile Include="MainWindow.cpp">
      <Filter>Source Files\main</Filter>
    </ClCompile>
  </ItemGroup>
  <ItemGroup>
    <ClInclude Include="Patient.h">
      <Filter>Header Files\models</Filter>
    </ClInclude>
    <ClInclude Include="Folder.h">
      <Filter>Header Files\models</Filter>
    </ClInclude>
    <ClInclude Include="DataImage.h">
      <Filter>Header Files\models</Filter>
    </ClInclude>
    <ClInclude Include="Action.h">
      <Filter>Header Files\actions</Filter>
    </ClInclude>
    <ClInclude Include="NewPatientAction.h">
      <Filter>Header Files\actions</Filter>
    </ClInclude>
    <ClInclude Include="StringHelper.h">
      <Filter>Header Files\helpers</Filter>
    </ClInclude>
    <ClInclude Include="FileHelper.h">
      <Filter>Header Files\helpers</Filter>
    </ClInclude>
    <ClInclude Include="Model.h">
      <Filter>Header Files\models</Filter>
    </ClInclude>
    <ClInclude Include="OpenPatientAction.h">
      <Filter>Header Files\actions</Filter>
    </ClInclude>
    <ClInclude Include="DialogHelper.h">
      <Filter>Header Files\helpers</Filter>
    </ClInclude>
    <ClInclude Include="OpenFolderAction.h">
      <Filter>Header Files\actions</Filter>
    </ClInclude>
    <ClInclude Include="OpenImageAction.h">
      <Filter>Header Files\actions</Filter>
    </ClInclude>
    <ClInclude Include="NewFolderAction.h">
      <Filter>Header Files\actions</Filter>
    </ClInclude>
    <ClInclude Include="UploadImageAction.h">
      <Filter>Header Files\actions</Filter>
    </ClInclude>
    <ClInclude Include="ImageHelper.h">
      <Filter>Header Files\helpers</Filter>
    </ClInclude>
    <ClInclude Include="DeleteModelAction.h">
      <Filter>Header Files\actions</Filter>
    </ClInclude>
    <ClInclude Include="Mode.h">
      <Filter>Header Files\view_modes</Filter>
    </ClInclude>
    <ClInclude Include="OriginalMode.h">
      <Filter>Header Files\view_modes</Filter>
    </ClInclude>
    <ClInclude Include="EditableMode.h">
      <Filter>Header Files\view_modes</Filter>
    </ClInclude>
    <ClInclude Include="ProcessedMode.h">
      <Filter>Header Files\view_modes</Filter>
    </ClInclude>
    <ClInclude Include="Data.h">
      <Filter>Header Files\data</Filter>
    </ClInclude>
    <ClInclude Include="FatData.h">
      <Filter>Header Files\data</Filter>
    </ClInclude>
    <ClInclude Include="FibrosisData.h">
      <Filter>Header Files\data</Filter>
    </ClInclude>
    <ClInclude Include="DataOption.h">
      <Filter>Header Files\data</Filter>
    </ClInclude>
    <ClInclude Include="FatOption.h">
      <Filter>Header Files\data</Filter>
    </ClInclude>
    <ClInclude Include="FibrosisOption.h">
      <Filter>Header Files\data</Filter>
    </ClInclude>
    <ClInclude Include="Processor.h">
      <Filter>Header Files\processors</Filter>
    </ClInclude>
    <ClInclude Include="FatProcessor.h">
      <Filter>Header Files\processors</Filter>
    </ClInclude>
    <ClInclude Include="FibrosisProcessor.h">
      <Filter>Header Files\processors</Filter>
    </ClInclude>
    <ClInclude Include="ProcessImageAction.h">
      <Filter>Header Files\actions</Filter>
    </ClInclude>
    <ClInclude Include="Blob.h">
      <Filter>Header Files\data</Filter>
    </ClInclude>
    <ClInclude Include="FeatureExtractor.h">
      <Filter>Header Files\processors</Filter>
    </ClInclude>
    <ClInclude Include="FatSliderArea.h">
      <Filter>Header Files\slider_areas</Filter>
    </ClInclude>
    <ClInclude Include="FibrosisSliderArea.h">
      <Filter>Header Files\slider_areas</Filter>
    </ClInclude>
    <ClInclude Include="FatImage.h">
      <Filter>Header Files\models</Filter>
    </ClInclude>
    <ClInclude Include="SaveImageAction.h">
      <Filter>Header Files\actions</Filter>
    </ClInclude>
    <ClInclude Include="MathHelper.h">
      <Filter>Header Files\helpers</Filter>
    </ClInclude>
    <ClInclude Include="FibrosisImage.h">
      <Filter>Header Files\models</Filter>
    </ClInclude>
    <ClInclude Include="ClickImageAction.h">
      <Filter>Header Files\actions</Filter>
    </ClInclude>
    <ClInclude Include="Message.h">
      <Filter>Header Files\main</Filter>
    </ClInclude>
  </ItemGroup>
  <ItemGroup>
    <CustomBuild Include="Dialog.h">
      <Filter>Header Files\dialogs</Filter>
    </CustomBuild>
    <CustomBuild Include="View.h">
      <Filter>Header Files\views</Filter>
    </CustomBuild>
    <CustomBuild Include="HomeView.h">
      <Filter>Header Files\views</Filter>
    </CustomBuild>
    <CustomBuild Include="NewPatientDialog.h">
      <Filter>Header Files\dialogs</Filter>
    </CustomBuild>
    <CustomBuild Include="OpenPatientDialog.h">
      <Filter>Header Files\dialogs</Filter>
    </CustomBuild>
    <CustomBuild Include="PatientView.h">
      <Filter>Header Files\views</Filter>
    </CustomBuild>
    <CustomBuild Include="NewFolderDialog.h">
      <Filter>Header Files\dialogs</Filter>
    </CustomBuild>
    <CustomBuild Include="FolderView.h">
      <Filter>Header Files\views</Filter>
    </CustomBuild>
    <CustomBuild Include="UploadImageDialog.h">
      <Filter>Header Files\dialogs</Filter>
    </CustomBuild>
    <CustomBuild Include="ImageView.h">
      <Filter>Header Files\views</Filter>
    </CustomBuild>
    <CustomBuild Include="ImagePanel.h">
      <Filter>Header Files\views</Filter>
    </CustomBuild>
    <CustomBuild Include="FatTrainer.h">
      <Filter>Header Files\trainers</Filter>
    </CustomBuild>
    <CustomBuild Include="SliderArea.h">
      <Filter>Header Files\slider_areas</Filter>
    </CustomBuild>
    <CustomBuild Include="MainWindow.h">
      <Filter>Header Files\main</Filter>
    </CustomBuild>
  </ItemGroup>
  <ItemGroup>
    <Image Include="..\..\..\..\Downloads\noun_2905_cc.png">
      <Filter>Resource Files</Filter>
    </Image>
  </ItemGroup>
</Project>